
Microsoft Visual Studio Solution File, Format Version 12.00
# Visual Studio Version 17
VisualStudioVersion = 17.4.33205.214
MinimumVisualStudioVersion = 10.0.40219.1
Project("{9A19103F-16F7-4668-BE54-9A1E7A4F7556}") = "Comixer", "Comixer\Comixer.csproj", "{8C1D7EAA-018D-4F03-B7A3-EDB6D50CECEA}"
	ProjectSection(ProjectDependencies) = postProject
		{67C8BFAF-6379-4599-A70C-05AAE5BD2663} = {67C8BFAF-6379-4599-A70C-05AAE5BD2663}
		{F08B82B9-51CD-4937-9B7B-D2F04DB49907} = {F08B82B9-51CD-4937-9B7B-D2F04DB49907}
	EndProjectSection
EndProject
Project("{9A19103F-16F7-4668-BE54-9A1E7A4F7556}") = "Comixer.Core", "Comixer.Core\Comixer.Core.csproj", "{67C8BFAF-6379-4599-A70C-05AAE5BD2663}"
EndProject
Project("{9A19103F-16F7-4668-BE54-9A1E7A4F7556}") = "Comixer.Infrastructure", "Comixer.Data\Comixer.Infrastructure.csproj", "{F08B82B9-51CD-4937-9B7B-D2F04DB49907}"
EndProject
Project("{FAE04EC0-301F-11D3-BF4B-00C04F79EFBC}") = "Comixer.Common", "Comixer.Common\Comixer.Common.csproj", "{C7D13AE1-EFCB-444B-BE18-7E6CE473196F}"
EndProject
Global
	GlobalSection(SolutionConfigurationPlatforms) = preSolution
		Debug|Any CPU = Debug|Any CPU
		Release|Any CPU = Release|Any CPU
	EndGlobalSection
	GlobalSection(ProjectConfigurationPlatforms) = postSolution
		{8C1D7EAA-018D-4F03-B7A3-EDB6D50CECEA}.Debug|Any CPU.ActiveCfg = Debug|Any CPU
		{8C1D7EAA-018D-4F03-B7A3-EDB6D50CECEA}.Debug|Any CPU.Build.0 = Debug|Any CPU
		{8C1D7EAA-018D-4F03-B7A3-EDB6D50CECEA}.Release|Any CPU.ActiveCfg = Release|Any CPU
		{8C1D7EAA-018D-4F03-B7A3-EDB6D50CECEA}.Release|Any CPU.Build.0 = Release|Any CPU
		{67C8BFAF-6379-4599-A70C-05AAE5BD2663}.Debug|Any CPU.ActiveCfg = Debug|Any CPU
		{67C8BFAF-6379-4599-A70C-05AAE5BD2663}.Debug|Any CPU.Build.0 = Debug|Any CPU
		{67C8BFAF-6379-4599-A70C-05AAE5BD2663}.Release|Any CPU.ActiveCfg = Release|Any CPU
		{67C8BFAF-6379-4599-A70C-05AAE5BD2663}.Release|Any CPU.Build.0 = Release|Any CPU
		{F08B82B9-51CD-4937-9B7B-D2F04DB49907}.Debug|Any CPU.ActiveCfg = Debug|Any CPU
		{F08B82B9-51CD-4937-9B7B-D2F04DB49907}.Debug|Any CPU.Build.0 = Debug|Any CPU
		{F08B82B9-51CD-4937-9B7B-D2F04DB49907}.Release|Any CPU.ActiveCfg = Release|Any CPU
		{F08B82B9-51CD-4937-9B7B-D2F04DB49907}.Release|Any CPU.Build.0 = Release|Any CPU
		{C7D13AE1-EFCB-444B-BE18-7E6CE473196F}.Debug|Any CPU.ActiveCfg = Debug|Any CPU
		{C7D13AE1-EFCB-444B-BE18-7E6CE473196F}.Debug|Any CPU.Build.0 = Debug|Any CPU
		{C7D13AE1-EFCB-444B-BE18-7E6CE473196F}.Release|Any CPU.ActiveCfg = Release|Any CPU
		{C7D13AE1-EFCB-444B-BE18-7E6CE473196F}.Release|Any CPU.Build.0 = Release|Any CPU
	EndGlobalSection
	GlobalSection(SolutionProperties) = preSolution
		HideSolutionNode = FALSE
	EndGlobalSection
	GlobalSection(ExtensibilityGlobals) = postSolution
		SolutionGuid = {E2083120-B5A3-432C-B902-4EFC9B7032A6}
	EndGlobalSection
EndGlobal
